// !$*UTF8*$!
{
	archiveVersion = 1;
	classes = {
	};
	objectVersion = 46;
	objects = {

/* Begin PBXBuildFile section */
		3E93D1611DCCF0990066A833 /* AppDelegate.swift in Sources */ = {isa = PBXBuildFile; fileRef = 3E93D1601DCCF0990066A833 /* AppDelegate.swift */; };
		3E93D1631DCCF0990066A833 /* ViewController.swift in Sources */ = {isa = PBXBuildFile; fileRef = 3E93D1621DCCF0990066A833 /* ViewController.swift */; };
		3E93D1661DCCF0990066A833 /* Main.storyboard in Resources */ = {isa = PBXBuildFile; fileRef = 3E93D1641DCCF0990066A833 /* Main.storyboard */; };
		3E93D1681DCCF0990066A833 /* Assets.xcassets in Resources */ = {isa = PBXBuildFile; fileRef = 3E93D1671DCCF0990066A833 /* Assets.xcassets */; };
		3E93D16B1DCCF0990066A833 /* LaunchScreen.storyboard in Resources */ = {isa = PBXBuildFile; fileRef = 3E93D1691DCCF0990066A833 /* LaunchScreen.storyboard */; };
/* End PBXBuildFile section */

/* Begin PBXFileReference section */
		3E93D15D1DCCF0990066A833 /* TesseractOCRTest.app */ = {isa = PBXFileReference; explicitFileType = wrapper.application; includeInIndex = 0; path = TesseractOCRTest.app; sourceTree = BUILT_PRODUCTS_DIR; };
		3E93D1601DCCF0990066A833 /* AppDelegate.swift */ = {isa = PBXFileReference; lastKnownFileType = sourcecode.swift; path = AppDelegate.swift; sourceTree = "<group>"; };
		3E93D1621DCCF0990066A833 /* ViewController.swift */ = {isa = PBXFileReference; lastKnownFileType = sourcecode.swift; path = ViewController.swift; sourceTree = "<group>"; };
		3E93D1651DCCF0990066A833 /* Base */ = {isa = PBXFileReference; lastKnownFileType = file.storyboard; name = Base; path = Base.lproj/Main.storyboard; sourceTree = "<group>"; };
		3E93D1671DCCF0990066A833 /* Assets.xcassets */ = {isa = PBXFileReference; lastKnownFileType = folder.assetcatalog; path = Assets.xcassets; sourceTree = "<group>"; };
		3E93D16A1DCCF0990066A833 /* Base */ = {isa = PBXFileReference; lastKnownFileType = file.storyboard; name = Base; path = Base.lproj/LaunchScreen.storyboard; sourceTree = "<group>"; };
		3E93D16C1DCCF0990066A833 /* Info.plist */ = {isa = PBXFileReference; lastKnownFileType = text.plist.xml; path = Info.plist; sourceTree = "<group>"; };
/* End PBXFileReference section */

/* Begin PBXFrameworksBuildPhase section */
		3E93D15A1DCCF0990066A833 /* Frameworks */ = {
			isa = PBXFrameworksBuildPhase;
			buildActionMask = 2147483647;
			files = (
			);
			runOnlyForDeploymentPostprocessing = 0;
		};
/* End PBXFrameworksBuildPhase section */

/* Begin PBXGroup section */
		3E93D1541DCCF0990066A833 = {
			isa = PBXGroup;
			children = (
				3E93D15F1DCCF0990066A833 /* TesseractOCRTest */,
				3E93D15E1DCCF0990066A833 /* Products */,
			);
			sourceTree = "<group>";
		};
		3E93D15E1DCCF0990066A833 /* Products */ = {
			isa = PBXGroup;
			children = (
				3E93D15D1DCCF0990066A833 /* TesseractOCRTest.app */,
			);
			name = Products;
			sourceTree = "<group>";
		};
		3E93D15F1DCCF0990066A833 /* TesseractOCRTest */ = {
			isa = PBXGroup;
			children = (
				3E93D1601DCCF0990066A833 /* AppDelegate.swift */,
				3E93D1621DCCF0990066A833 /* ViewController.swift */,
				3E93D1641DCCF0990066A833 /* Main.storyboard */,
				3E93D1671DCCF0990066A833 /* Assets.xcassets */,
				3E93D1691DCCF0990066A833 /* LaunchScreen.storyboard */,
				3E93D16C1DCCF0990066A833 /* Info.plist */,
			);
			path = TesseractOCRTest;
			sourceTree = "<group>";
		};
/* End PBXGroup section */

/* Begin PBXNativeTarget section */
		3E93D15C1DCCF0990066A833 /* TesseractOCRTest */ = {
			isa = PBXNativeTarget;
			buildConfigurationList = 3E93D16F1DCCF0990066A833 /* Build configuration list for PBXNativeTarget "TesseractOCRTest" */;
			buildPhases = (
				3E93D1591DCCF0990066A833 /* Sources */,
				3E93D15A1DCCF0990066A833 /* Frameworks */,
				3E93D15B1DCCF0990066A833 /* Resources */,
			);
			buildRules = (
			);
			dependencies = (
			);
			name = TesseractOCRTest;
			productName = TesseractOCRTest;
			productReference = 3E93D15D1DCCF0990066A833 /* TesseractOCRTest.app */;
			productType = "com.apple.product-type.application";
		};
/* End PBXNativeTarget section */

/* Begin PBXProject section */
		3E93D1551DCCF0990066A833 /* Project object */ = {
			isa = PBXProject;
			attributes = {
				LastSwiftUpdateCheck = 0810;
				LastUpgradeCheck = 0810;
				ORGANIZATIONNAME = mino;
				TargetAttributes = {
					3E93D15C1DCCF0990066A833 = {
						CreatedOnToolsVersion = 8.1;
						DevelopmentTeam = VHBSR3XVN2;
						ProvisioningStyle = Automatic;
					};
				};
			};
			buildConfigurationList = 3E93D1581DCCF0990066A833 /* Build configuration list for PBXProject "TesseractOCRTest" */;
			compatibilityVersion = "Xcode 3.2";
			developmentRegion = English;
			hasScannedForEncodings = 0;
			knownRegions = (
				en,
				Base,
			);
			mainGroup = 3E93D1541DCCF0990066A833;
			productRefGroup = 3E93D15E1DCCF0990066A833 /* Products */;
			projectDirPath = "";
			projectRoot = "";
			targets = (
				3E93D15C1DCCF0990066A833 /* TesseractOCRTest */,
			);
		};
/* End PBXProject section */

/* Begin PBXResourcesBuildPhase section */
		3E93D15B1DCCF0990066A833 /* Resources */ = {
			isa = PBXResourcesBuildPhase;
			buildActionMask = 2147483647;
			files = (
				3E93D16B1DCCF0990066A833 /* LaunchScreen.storyboard in Resources */,
				3E93D1681DCCF0990066A833 /* Assets.xcassets in Resources */,
				3E93D1661DCCF0990066A833 /* Main.storyboard in Resources */,
			);
			runOnlyForDeploymentPostprocessing = 0;
		};
/* End PBXResourcesBuildPhase section */

/* Begin PBXSourcesBuildPhase section */
		3E93D1591DCCF0990066A833 /* Sources */ = {
			isa = PBXSourcesBuildPhase;
			buildActionMask = 2147483647;
			files = (
				3E93D1631DCCF0990066A833 /* ViewController.swift in Sources */,
				3E93D1611DCCF0990066A833 /* AppDelegate.swift in Sources */,
			);
			runOnlyForDeploymentPostprocessing = 0;
		};
/* End PBXSourcesBuildPhase section */

/* Begin PBXVariantGroup section */
		3E93D1641DCCF0990066A833 /* Main.storyboard */ = {
			isa = PBXVariantGroup;
			children = (
				3E93D1651DCCF0990066A833 /* Base */,
			);
			name = Main.storyboard;
			sourceTree = "<group>";
		};
		3E93D1691DCCF0990066A833 /* LaunchScreen.storyboard */ = {
			isa = PBXVariantGroup;
			children = (
				3E93D16A1DCCF0990066A833 /* Base */,
			);
			name = LaunchScreen.storyboard;
			sourceTree = "<group>";
		};
/* End PBXVariantGroup section */

/* Begin XCBuildConfiguration section */
		3E93D16D1DCCF0990066A833 /* Debug */ = {
			isa = XCBuildConfiguration;
			buildSettings = {
				ALWAYS_SEARCH_USER_PATHS = NO;
				CLANG_ANALYZER_NONNULL = YES;
				CLANG_CXX_LANGUAGE_STANDARD = "gnu++0x";
				CLANG_CXX_LIBRARY = "libc++";
				CLANG_ENABLE_MODULES = YES;
				CLANG_ENABLE_OBJC_ARC = YES;
				CLANG_WARN_BOOL_CONVERSION = YES;
				CLANG_WARN_CONSTANT_CONVERSION = YES;
				CLANG_WARN_DIRECT_OBJC_ISA_USAGE = YES_ERROR;
				CLANG_WARN_DOCUMENTATION_COMMENTS = YES;
				CLANG_WARN_EMPTY_BODY = YES;
				CLANG_WARN_ENUM_CONVERSION = YES;
				CLANG_WARN_INFINITE_RECURSION = YES;
				CLANG_WARN_INT_CONVERSION = YES;
				CLANG_WARN_OBJC_ROOT_CLASS = YES_ERROR;
				CLANG_WARN_SUSPICIOUS_MOVES = YES;
				CLANG_WARN_UNREACHABLE_CODE = YES;
				CLANG_WARN__DUPLICATE_METHOD_MATCH = YES;
				"CODE_SIGN_IDENTITY[sdk=iphoneos*]" = "iPhone Developer";
				COPY_PHASE_STRIP = NO;
				DEBUG_INFORMATION_FORMAT = dwarf;
				ENABLE_STRICT_OBJC_MSGSEND = YES;
				ENABLE_TESTABILITY = YES;
				GCC_C_LANGUAGE_STANDARD = gnu99;
				GCC_DYNAMIC_NO_PIC = NO;
				GCC_NO_COMMON_BLOCKS = YES;
				GCC_OPTIMIZATION_LEVEL = 0;
				GCC_PREPROCESSOR_DEFINITIONS = (
					"DEBUG=1",
					"$(inherited)",
				);
				GCC_WARN_64_TO_32_BIT_CONVERSION = YES;
				GCC_WARN_ABOUT_RETURN_TYPE = YES_ERROR;
				GCC_WARN_UNDECLARED_SELECTOR = YES;
				GCC_WARN_UNINITIALIZED_AUTOS = YES_AGGRESSIVE;
				GCC_WARN_UNUSED_FUNCTION = YES;
				GCC_WARN_UNUSED_VARIABLE = YES;
				IPHONEOS_DEPLOYMENT_TARGET = 10.1;
				MTL_ENABLE_DEBUG_INFO = YES;
				ONLY_ACTIVE_ARCH = YES;
				SDKROOT = iphoneos;
				SWIFT_ACTIVE_COMPILATION_CONDITIONS = DEBUG;
				SWIFT_OPTIMIZATION_LEVEL = "-Onone";
			};
			name = Debug;
		};
		3E93D16E1DCCF0990066A833 /* Release */ = {
			isa = XCBuildConfiguration;
			buildSettings = {
				ALWAYS_SEARCH_USER_PATHS = NO;
				CLANG_ANALYZER_NONNULL = YES;
				CLANG_CXX_LANGUAGE_STANDARD = "gnu++0x";
				CLANG_CXX_LIBRARY = "libc++";
				CLANG_ENABLE_MODULES = YES;
				CLANG_ENABLE_OBJC_ARC = YES;
				CLANG_WARN_BOOL_CONVERSION = YES;
				CLANG_WARN_CONSTANT_CONVERSION = YES;
				CLANG_WARN_DIRECT_OBJC_ISA_USAGE = YES_ERROR;
				CLANG_WARN_DOCUMENTATION_COMMENTS = YES;
				CLANG_WARN_EMPTY_BODY = YES;
				CLANG_WARN_ENUM_CONVERSION = YES;
				CLANG_WARN_INFINITE_RECURSION = YES;
				CLANG_WARN_INT_CONVERSION = YES;
				CLANG_WARN_OBJC_ROOT_CLASS = YES_ERROR;
				CLANG_WARN_SUSPICIOUS_MOVES = YES;
				CLANG_WARN_UNREACHABLE_CODE = YES;
				CLANG_WARN__DUPLICATE_METHOD_MATCH = YES;
				"CODE_SIGN_IDENTITY[sdk=iphoneos*]" = "iPhone Developer";
				COPY_PHASE_STRIP = NO;
				DEBUG_INFORMATION_FORMAT = "dwarf-with-dsym";
				ENABLE_NS_ASSERTIONS = NO;
				ENABLE_STRICT_OBJC_MSGSEND = YES;
				GCC_C_LANGUAGE_STANDARD = gnu99;
				GCC_NO_COMMON_BLOCKS = YES;
				GCC_WARN_64_TO_32_BIT_CONVERSION = YES;
				GCC_WARN_ABOUT_RETURN_TYPE = YES_ERROR;
				GCC_WARN_UNDECLARED_SELECTOR = YES;
				GCC_WARN_UNINITIALIZED_AUTOS = YES_AGGRESSIVE;
				GCC_WARN_UNUSED_FUNCTION = YES;
				GCC_WARN_UNUSED_VARIABLE = YES;
				IPHONEOS_DEPLOYMENT_TARGET = 10.1;
				MTL_ENABLE_DEBUG_INFO = NO;
				SDKROOT = iphoneos;
				SWIFT_OPTIMIZATION_LEVEL = "-Owholemodule";
				VALIDATE_PRODUCT = YES;
			};
			name = Release;
		};
		3E93D1701DCCF0990066A833 /* Debug */ = {
			isa = XCBuildConfiguration;
			buildSettings = {
				ASSETCATALOG_COMPILER_APPICON_NAME = AppIcon;
				DEVELOPMENT_TEAM = VHBSR3XVN2;
				INFOPLIST_FILE = TesseractOCRTest/Info.plist;
				LD_RUNPATH_SEARCH_PATHS = "$(inherited) @executable_path/Frameworks";
				PRODUCT_BUNDLE_IDENTIFIER = com.minos.TesseractOCRTest;
				PRODUCT_NAME = "$(TARGET_NAME)";
				SWIFT_VERSION = 3.0;
			};
			name = Debug;
		};
		3E93D1711DCCF0990066A833 /* Release */ = {
			isa = XCBuildConfiguration;
			buildSettings = {
				ASSETCATALOG_COMPILER_APPICON_NAME = AppIcon;
				DEVELOPMENT_TEAM = VHBSR3XVN2;
				INFOPLIST_FILE = TesseractOCRTest/Info.plist;
				LD_RUNPATH_SEARCH_PATHS = "$(inherited) @executable_path/Frameworks";
				PRODUCT_BUNDLE_IDENTIFIER = com.minos.TesseractOCRTest;
				PRODUCT_NAME = "$(TARGET_NAME)";
				SWIFT_VERSION = 3.0;
			};
			name = Release;
		};
/* End XCBuildConfiguration section */

/* Begin XCConfigurationList section */
		3E93D1581DCCF0990066A833 /* Build configuration list for PBXProject "TesseractOCRTest" */ = {
			isa = XCConfigurationList;
			buildConfigurations = (
				3E93D16D1DCCF0990066A833 /* Debug */,
				3E93D16E1DCCF0990066A833 /* Release */,
			);
			defaultConfigurationIsVisible = 0;
			defaultConfigurationName = Release;
		};
		3E93D16F1DCCF0990066A833 /* Build configuration list for PBXNativeTarget "TesseractOCRTest" */ = {
			isa = XCConfigurationList;
			buildConfigurations = (
				3E93D1701DCCF0990066A833 /* Debug */,
				3E93D1711DCCF0990066A833 /* Release */,
			);
			defaultConfigurationIsVisible = 0;
		};
/* End XCConfigurationList section */
	};
	rootObject = 3E93D1551DCCF0990066A833 /* Project object */;
}
